
Microsoft Visual Studio Solution File, Format Version 11.00
# Visual Studio 2010
Project("{FAE04EC0-301F-11D3-BF4B-00C04F79EFBC}") = "TING", "TING\TING.csproj", "{8C133EAC-4CD6-4D8D-9488-7648B0D15297}"
EndProject
Project("{FAE04EC0-301F-11D3-BF4B-00C04F79EFBC}") = "TING_test_console_app", "TING_test_console_app\TING_test_console_app.csproj", "{4A7A4DC5-30DD-468B-8830-3C7058788829}"
EndProject
Project("{FAE04EC0-301F-11D3-BF4B-00C04F79EFBC}") = "TING_OpenSearch_tuples", "TING_OpenSearch_tuples\TING_OpenSearch_tuples.csproj", "{E1BB6B3E-7B8D-4E68-86B9-1880C45B849B}"
EndProject
Global
	GlobalSection(SolutionConfigurationPlatforms) = preSolution
		Debug|Any CPU = Debug|Any CPU
		Release|Any CPU = Release|Any CPU
	EndGlobalSection
	GlobalSection(ProjectConfigurationPlatforms) = postSolution
		{4A7A4DC5-30DD-468B-8830-3C7058788829}.Debug|Any CPU.ActiveCfg = Debug|Any CPU
		{4A7A4DC5-30DD-468B-8830-3C7058788829}.Debug|Any CPU.Build.0 = Debug|Any CPU
		{4A7A4DC5-30DD-468B-8830-3C7058788829}.Release|Any CPU.ActiveCfg = Release|Any CPU
		{4A7A4DC5-30DD-468B-8830-3C7058788829}.Release|Any CPU.Build.0 = Release|Any CPU
		{8C133EAC-4CD6-4D8D-9488-7648B0D15297}.Debug|Any CPU.ActiveCfg = Debug|Any CPU
		{8C133EAC-4CD6-4D8D-9488-7648B0D15297}.Debug|Any CPU.Build.0 = Debug|Any CPU
		{8C133EAC-4CD6-4D8D-9488-7648B0D15297}.Release|Any CPU.ActiveCfg = Release|Any CPU
		{8C133EAC-4CD6-4D8D-9488-7648B0D15297}.Release|Any CPU.Build.0 = Release|Any CPU
		{E1BB6B3E-7B8D-4E68-86B9-1880C45B849B}.Debug|Any CPU.ActiveCfg = Debug|Any CPU
		{E1BB6B3E-7B8D-4E68-86B9-1880C45B849B}.Debug|Any CPU.Build.0 = Debug|Any CPU
		{E1BB6B3E-7B8D-4E68-86B9-1880C45B849B}.Release|Any CPU.ActiveCfg = Release|Any CPU
		{E1BB6B3E-7B8D-4E68-86B9-1880C45B849B}.Release|Any CPU.Build.0 = Release|Any CPU
	EndGlobalSection
	GlobalSection(MonoDevelopProperties) = preSolution
		StartupItem = TING_OpenSearch_tuples\TING_OpenSearch_tuples.csproj
		Policies = $0
		$0.DotNetNamingPolicy = $1
		$1.DirectoryNamespaceAssociation = None
		$1.ResourceNamePolicy = FileFormatDefault
		$0.ChangeLogPolicy = $2
		$2.UpdateMode = None
		$2.MessageStyle = $3
		$3.LineAlign = 0
		$2.inheritsSet = Mono
		description = .NET wrapper for TING
		version = 0.01
	EndGlobalSection
EndGlobal
